
Microsoft Visual Studio Solution File, Format Version 12.00
# Visual Studio Version 17
VisualStudioVersion = 17.13.35919.96 d17.13
MinimumVisualStudioVersion = 10.0.40219.1
Project("{FAE04EC0-301F-11D3-BF4B-00C04F79EFBC}") = "Pronia", "Pronia\Pronia.csproj", "{8C7C617D-0B69-4EDC-9648-1B3A65E839ED}"
EndProject
Global
	GlobalSection(SolutionConfigurationPlatforms) = preSolution
		Debug|Any CPU = Debug|Any CPU
		Release|Any CPU = Release|Any CPU
	EndGlobalSection
	GlobalSection(ProjectConfigurationPlatforms) = postSolution
		{8C7C617D-0B69-4EDC-9648-1B3A65E839ED}.Debug|Any CPU.ActiveCfg = Debug|Any CPU
		{8C7C617D-0B69-4EDC-9648-1B3A65E839ED}.Debug|Any CPU.Build.0 = Debug|Any CPU
		{8C7C617D-0B69-4EDC-9648-1B3A65E839ED}.Release|Any CPU.ActiveCfg = Release|Any CPU
		{8C7C617D-0B69-4EDC-9648-1B3A65E839ED}.Release|Any CPU.Build.0 = Release|Any CPU
	EndGlobalSection
	GlobalSection(SolutionProperties) = preSolution
		HideSolutionNode = FALSE
	EndGlobalSection
	GlobalSection(ExtensibilityGlobals) = postSolution
		SolutionGuid = {A21BA16F-33B2-4465-AD1E-6071DC1C27C8}
	EndGlobalSection
EndGlobal
